
Microsoft Visual Studio Solution File, Format Version 12.00
# Visual Studio 15
VisualStudioVersion = 15.0.28010.2026
MinimumVisualStudioVersion = 10.0.40219.1
Project("{888888A0-9F3D-457C-B088-3A5042F75D52}") = "Crawler", "Crawler\Crawler.pyproj", "{2033CD9D-A54A-4720-BF26-BCDB32B0461B}"
EndProject
Global
	GlobalSection(SolutionConfigurationPlatforms) = preSolution
		Debug|Any CPU = Debug|Any CPU
		Release|Any CPU = Release|Any CPU
	EndGlobalSection
	GlobalSection(ProjectConfigurationPlatforms) = postSolution
		{2033CD9D-A54A-4720-BF26-BCDB32B0461B}.Debug|Any CPU.ActiveCfg = Debug|Any CPU
		{2033CD9D-A54A-4720-BF26-BCDB32B0461B}.Release|Any CPU.ActiveCfg = Release|Any CPU
	EndGlobalSection
	GlobalSection(SolutionProperties) = preSolution
		HideSolutionNode = FALSE
	EndGlobalSection
	GlobalSection(ExtensibilityGlobals) = postSolution
		SolutionGuid = {DDD2EFBE-1E3F-4CA9-8DBA-E38C4E8B260B}
	EndGlobalSection
EndGlobal
